
Microsoft Visual Studio Solution File, Format Version 12.00
# Visual Studio Version 17
VisualStudioVersion = 17.4.33110.190
MinimumVisualStudioVersion = 10.0.40219.1
Project("{FAE04EC0-301F-11D3-BF4B-00C04F79EFBC}") = "01_MainSubject", "01_MainSubject\01_MainSubject.csproj", "{ECA5F26C-B50B-4C23-B100-189D21B98C6C}"
EndProject
Project("{FAE04EC0-301F-11D3-BF4B-00C04F79EFBC}") = "02_Variables", "02_Variables\02_Variables.csproj", "{14202375-F7B7-4790-9D40-A288CF446F43}"
EndProject
Global
	GlobalSection(SolutionConfigurationPlatforms) = preSolution
		Debug|Any CPU = Debug|Any CPU
		Release|Any CPU = Release|Any CPU
	EndGlobalSection
	GlobalSection(ProjectConfigurationPlatforms) = postSolution
		{ECA5F26C-B50B-4C23-B100-189D21B98C6C}.Debug|Any CPU.ActiveCfg = Debug|Any CPU
		{ECA5F26C-B50B-4C23-B100-189D21B98C6C}.Debug|Any CPU.Build.0 = Debug|Any CPU
		{ECA5F26C-B50B-4C23-B100-189D21B98C6C}.Release|Any CPU.ActiveCfg = Release|Any CPU
		{ECA5F26C-B50B-4C23-B100-189D21B98C6C}.Release|Any CPU.Build.0 = Release|Any CPU
		{14202375-F7B7-4790-9D40-A288CF446F43}.Debug|Any CPU.ActiveCfg = Debug|Any CPU
		{14202375-F7B7-4790-9D40-A288CF446F43}.Debug|Any CPU.Build.0 = Debug|Any CPU
		{14202375-F7B7-4790-9D40-A288CF446F43}.Release|Any CPU.ActiveCfg = Release|Any CPU
		{14202375-F7B7-4790-9D40-A288CF446F43}.Release|Any CPU.Build.0 = Release|Any CPU
	EndGlobalSection
	GlobalSection(SolutionProperties) = preSolution
		HideSolutionNode = FALSE
	EndGlobalSection
	GlobalSection(ExtensibilityGlobals) = postSolution
		SolutionGuid = {90AF105A-6DBB-4E35-8977-94A3A944616F}
	EndGlobalSection
EndGlobal
